
Microsoft Visual Studio Solution File, Format Version 12.00
# Visual Studio Version 17
VisualStudioVersion = 17.5.33516.290
MinimumVisualStudioVersion = 10.0.40219.1
Project("{8BC9CEB8-8B4A-11D0-8D11-00A0C91BC942}") = "Camera_calibration_module", "Camera_calibration_module\Camera_calibration_module.vcxproj", "{208BBF09-D4B5-4C8F-B0FE-BC390A3E9BDF}"
EndProject
Global
	GlobalSection(SolutionConfigurationPlatforms) = preSolution
		Debug|x64 = Debug|x64
		Release|x64 = Release|x64
	EndGlobalSection
	GlobalSection(ProjectConfigurationPlatforms) = postSolution
		{208BBF09-D4B5-4C8F-B0FE-BC390A3E9BDF}.Debug|x64.ActiveCfg = Debug|x64
		{208BBF09-D4B5-4C8F-B0FE-BC390A3E9BDF}.Debug|x64.Build.0 = Debug|x64
		{208BBF09-D4B5-4C8F-B0FE-BC390A3E9BDF}.Release|x64.ActiveCfg = Release|x64
		{208BBF09-D4B5-4C8F-B0FE-BC390A3E9BDF}.Release|x64.Build.0 = Release|x64
	EndGlobalSection
	GlobalSection(SolutionProperties) = preSolution
		HideSolutionNode = FALSE
	EndGlobalSection
	GlobalSection(ExtensibilityGlobals) = postSolution
		SolutionGuid = {7ABB38B7-B8A9-4271-AD9C-3D5444A69CC1}
	EndGlobalSection
EndGlobal
